// !$*UTF8*$!
{
	archiveVersion = 1;
	classes = {
	};
	objectVersion = 50;
	objects = {

/* Begin PBXBuildFile section */
		7E960A47274E1E9C007EF276 /* Assets.xcassets in Resources */ = {isa = PBXBuildFile; fileRef = 7E960A46274E1E9C007EF276 /* Assets.xcassets */; };
		7E960A4E274E1E9D007EF276 /* Reminders MessagesExtension.appex in Embed App Extensions */ = {isa = PBXBuildFile; fileRef = 7E960A4D274E1E9D007EF276 /* Reminders MessagesExtension.appex */; settings = {ATTRIBUTES = (RemoveHeadersOnCopy, ); }; };
		7E960A53274E1E9D007EF276 /* Messages.framework in Frameworks */ = {isa = PBXBuildFile; fileRef = 7E960A52274E1E9D007EF276 /* Messages.framework */; };
		7E960A56274E1E9D007EF276 /* MessagesViewController.swift in Sources */ = {isa = PBXBuildFile; fileRef = 7E960A55274E1E9D007EF276 /* MessagesViewController.swift */; };
		7E960A59274E1E9D007EF276 /* MainInterface.storyboard in Resources */ = {isa = PBXBuildFile; fileRef = 7E960A57274E1E9D007EF276 /* MainInterface.storyboard */; };
		7E960A5B274E1EAB007EF276 /* Assets.xcassets in Resources */ = {isa = PBXBuildFile; fileRef = 7E960A5A274E1EAB007EF276 /* Assets.xcassets */; };
/* End PBXBuildFile section */

/* Begin PBXContainerItemProxy section */
		7E960A4F274E1E9D007EF276 /* PBXContainerItemProxy */ = {
			isa = PBXContainerItemProxy;
			containerPortal = 7E960A3D274E1E81007EF276 /* Project object */;
			proxyType = 1;
			remoteGlobalIDString = 7E960A4C274E1E9D007EF276;
			remoteInfo = "Reminders MessagesExtension";
		};
/* End PBXContainerItemProxy section */

/* Begin PBXCopyFilesBuildPhase section */
		7E960A62274E1EAB007EF276 /* Embed App Extensions */ = {
			isa = PBXCopyFilesBuildPhase;
			buildActionMask = 2147483647;
			dstPath = "";
			dstSubfolderSpec = 13;
			files = (
				7E960A4E274E1E9D007EF276 /* Reminders MessagesExtension.appex in Embed App Extensions */,
			);
			name = "Embed App Extensions";
			runOnlyForDeploymentPostprocessing = 0;
		};
/* End PBXCopyFilesBuildPhase section */

/* Begin PBXFileReference section */
		7E960A43274E1E81007EF276 /* Reminders.app */ = {isa = PBXFileReference; explicitFileType = wrapper.application; includeInIndex = 0; path = Reminders.app; sourceTree = BUILT_PRODUCTS_DIR; };
		7E960A46274E1E9C007EF276 /* Assets.xcassets */ = {isa = PBXFileReference; lastKnownFileType = folder.assetcatalog; path = Assets.xcassets; sourceTree = "<group>"; };
		7E960A4D274E1E9D007EF276 /* Reminders MessagesExtension.appex */ = {isa = PBXFileReference; explicitFileType = "wrapper.app-extension"; includeInIndex = 0; path = "Reminders MessagesExtension.appex"; sourceTree = BUILT_PRODUCTS_DIR; };
		7E960A52274E1E9D007EF276 /* Messages.framework */ = {isa = PBXFileReference; lastKnownFileType = wrapper.framework; name = Messages.framework; path = System/Library/Frameworks/Messages.framework; sourceTree = SDKROOT; };
		7E960A55274E1E9D007EF276 /* MessagesViewController.swift */ = {isa = PBXFileReference; lastKnownFileType = sourcecode.swift; path = MessagesViewController.swift; sourceTree = "<group>"; };
		7E960A58274E1E9D007EF276 /* Base */ = {isa = PBXFileReference; explicitFileType = sourcecode.swift; name = Base; path = Base.lproj/MainInterface.storyboard; sourceTree = "<group>"; };
		7E960A5A274E1EAB007EF276 /* Assets.xcassets */ = {isa = PBXFileReference; lastKnownFileType = folder.assetcatalog; name = Assets.xcassets; path = "../../../../../../../../../Volumes/Auto After Dark/Reminders/Reminders/Reminders MessagesExtension/Assets.xcassets"; sourceTree = SDKROOT; };
		7E960A5C274E1EAB007EF276 /* Info.plist */ = {isa = PBXFileReference; lastKnownFileType = text.plist.xml; path = Info.plist; sourceTree = "<group>"; };
		7E960A6A274E213F007EF276 /* en */ = {isa = PBXFileReference; lastKnownFileType = text.plist.xml; name = en; path = en.lproj/Info.plist; sourceTree = "<group>"; };
		7E960A6D274E2153007EF276 /* en */ = {isa = PBXFileReference; explicitFileType = sourcecode.swift; name = en; path = en.lproj/MainInterface.strings; sourceTree = "<group>"; };
/* End PBXFileReference section */

/* Begin PBXFrameworksBuildPhase section */
		7E960A4A274E1E9D007EF276 /* Frameworks */ = {
			isa = PBXFrameworksBuildPhase;
			buildActionMask = 2147483647;
			files = (
				7E960A53274E1E9D007EF276 /* Messages.framework in Frameworks */,
			);
			runOnlyForDeploymentPostprocessing = 0;
		};
/* End PBXFrameworksBuildPhase section */

/* Begin PBXGroup section */
		7E960A3C274E1E81007EF276 = {
			isa = PBXGroup;
			children = (
				7E960A45274E1E81007EF276 /* Reminders */,
				7E960A54274E1E9D007EF276 /* Reminders MessagesExtension */,
				7E960A51274E1E9D007EF276 /* Frameworks */,
				7E960A44274E1E81007EF276 /* Products */,
			);
			sourceTree = "<group>";
		};
		7E960A44274E1E81007EF276 /* Products */ = {
			isa = PBXGroup;
			children = (
				7E960A43274E1E81007EF276 /* Reminders.app */,
				7E960A4D274E1E9D007EF276 /* Reminders MessagesExtension.appex */,
			);
			name = Products;
			sourceTree = "<group>";
		};
		7E960A45274E1E81007EF276 /* Reminders */ = {
			isa = PBXGroup;
			children = (
				7E960A46274E1E9C007EF276 /* Assets.xcassets */,
				7E960A6B274E213F007EF276 /* Info.plist */,
			);
			path = Reminders;
			sourceTree = "<group>";
		};
		7E960A51274E1E9D007EF276 /* Frameworks */ = {
			isa = PBXGroup;
			children = (
				7E960A52274E1E9D007EF276 /* Messages.framework */,
			);
			name = Frameworks;
			sourceTree = "<group>";
		};
		7E960A54274E1E9D007EF276 /* Reminders MessagesExtension */ = {
			isa = PBXGroup;
			children = (
				7E960A55274E1E9D007EF276 /* MessagesViewController.swift */,
				7E960A57274E1E9D007EF276 /* MainInterface.storyboard */,
				7E960A5A274E1EAB007EF276 /* Assets.xcassets */,
				7E960A5C274E1EAB007EF276 /* Info.plist */,
			);
			path = "Reminders MessagesExtension";
			sourceTree = "<group>";
		};
/* End PBXGroup section */

/* Begin PBXNativeTarget section */
		7E960A42274E1E81007EF276 /* Reminders */ = {
			isa = PBXNativeTarget;
			buildConfigurationList = 7E960A63274E1EAB007EF276 /* Build configuration list for PBXNativeTarget "Reminders" */;
			buildPhases = (
				7E960A41274E1E81007EF276 /* Resources */,
				7E960A62274E1EAB007EF276 /* Embed App Extensions */,
			);
			buildRules = (
			);
			dependencies = (
				7E960A50274E1E9D007EF276 /* PBXTargetDependency */,
			);
			name = Reminders;
			productName = Reminders;
			productReference = 7E960A43274E1E81007EF276 /* Reminders.app */;
			productType = "com.apple.product-type.application.messages";
		};
		7E960A4C274E1E9D007EF276 /* Reminders MessagesExtension */ = {
			isa = PBXNativeTarget;
			buildConfigurationList = 7E960A5F274E1EAB007EF276 /* Build configuration list for PBXNativeTarget "Reminders MessagesExtension" */;
			buildPhases = (
				7E960A49274E1E9D007EF276 /* Sources */,
				7E960A4A274E1E9D007EF276 /* Frameworks */,
				7E960A4B274E1E9D007EF276 /* Resources */,
			);
			buildRules = (
			);
			dependencies = (
			);
			name = "Reminders MessagesExtension";
			productName = "Reminders MessagesExtension";
			productReference = 7E960A4D274E1E9D007EF276 /* Reminders MessagesExtension.appex */;
			productType = "com.apple.product-type.app-extension.messages";
		};
/* End PBXNativeTarget section */

/* Begin PBXProject section */
		7E960A3D274E1E81007EF276 /* Project object */ = {
			isa = PBXProject;
			attributes = {
				LastSwiftUpdateCheck = 1240;
				LastUpgradeCheck = 1240;
				ORGANIZATIONNAME = AutoAfterDark;
				TargetAttributes = {
					7E960A42274E1E81007EF276 = {
						CreatedOnToolsVersion = 12.4;
					};
					7E960A4C274E1E9D007EF276 = {
						CreatedOnToolsVersion = 12.4;
					};
				};
			};
			buildConfigurationList = 7E960A40274E1E81007EF276 /* Build configuration list for PBXProject "Reminders" */;
			compatibilityVersion = "Xcode 9.3";
			developmentRegion = en;
			hasScannedForEncodings = 0;
			knownRegions = (
				en,
				Base,
			);
			mainGroup = 7E960A3C274E1E81007EF276;
			productRefGroup = 7E960A44274E1E81007EF276 /* Products */;
			projectDirPath = "";
			projectRoot = "";
			targets = (
				7E960A42274E1E81007EF276 /* Reminders */,
				7E960A4C274E1E9D007EF276 /* Reminders MessagesExtension */,
			);
		};
/* End PBXProject section */

/* Begin PBXResourcesBuildPhase section */
		7E960A41274E1E81007EF276 /* Resources */ = {
			isa = PBXResourcesBuildPhase;
			buildActionMask = 2147483647;
			files = (
				7E960A47274E1E9C007EF276 /* Assets.xcassets in Resources */,
			);
			runOnlyForDeploymentPostprocessing = 0;
		};
		7E960A4B274E1E9D007EF276 /* Resources */ = {
			isa = PBXResourcesBuildPhase;
			buildActionMask = 2147483647;
			files = (
				7E960A5B274E1EAB007EF276 /* Assets.xcassets in Resources */,
				7E960A59274E1E9D007EF276 /* MainInterface.storyboard in Resources */,
			);
			runOnlyForDeploymentPostprocessing = 0;
		};
/* End PBXResourcesBuildPhase section */

/* Begin PBXSourcesBuildPhase section */
		7E960A49274E1E9D007EF276 /* Sources */ = {
			isa = PBXSourcesBuildPhase;
			buildActionMask = 2147483647;
			files = (
				7E960A56274E1E9D007EF276 /* MessagesViewController.swift in Sources */,
			);
			runOnlyForDeploymentPostprocessing = 0;
		};
/* End PBXSourcesBuildPhase section */

/* Begin PBXTargetDependency section */
		7E960A50274E1E9D007EF276 /* PBXTargetDependency */ = {
			isa = PBXTargetDependency;
			target = 7E960A4C274E1E9D007EF276 /* Reminders MessagesExtension */;
			targetProxy = 7E960A4F274E1E9D007EF276 /* PBXContainerItemProxy */;
		};
/* End PBXTargetDependency section */

/* Begin PBXVariantGroup section */
		7E960A57274E1E9D007EF276 /* MainInterface.storyboard */ = {
			isa = PBXVariantGroup;
			children = (
				7E960A58274E1E9D007EF276 /* Base */,
				7E960A6D274E2153007EF276 /* en */,
			);
			name = MainInterface.storyboard;
			path = "../../../../../../../../../Volumes/Auto After Dark/Reminders/Reminders/Reminders MessagesExtension";
			sourceTree = SDKROOT;
		};
		7E960A6B274E213F007EF276 /* Info.plist */ = {
			isa = PBXVariantGroup;
			children = (
				7E960A6A274E213F007EF276 /* en */,
			);
			name = Info.plist;
			sourceTree = "<group>";
		};
/* End PBXVariantGroup section */

/* Begin XCBuildConfiguration section */
		7E960A5D274E1EAB007EF276 /* Debug */ = {
			isa = XCBuildConfiguration;
			buildSettings = {
				ALWAYS_SEARCH_USER_PATHS = NO;
				CLANG_ANALYZER_NONNULL = YES;
				CLANG_ANALYZER_NUMBER_OBJECT_CONVERSION = YES_AGGRESSIVE;
				CLANG_CXX_LANGUAGE_STANDARD = "gnu++14";
				CLANG_CXX_LIBRARY = "libc++";
				CLANG_ENABLE_MODULES = YES;
				CLANG_ENABLE_OBJC_ARC = YES;
				CLANG_ENABLE_OBJC_WEAK = YES;
				CLANG_WARN_BLOCK_CAPTURE_AUTORELEASING = YES;
				CLANG_WARN_BOOL_CONVERSION = YES;
				CLANG_WARN_COMMA = YES;
				CLANG_WARN_CONSTANT_CONVERSION = YES;
				CLANG_WARN_DEPRECATED_OBJC_IMPLEMENTATIONS = YES;
				CLANG_WARN_DIRECT_OBJC_ISA_USAGE = YES_ERROR;
				CLANG_WARN_DOCUMENTATION_COMMENTS = YES;
				CLANG_WARN_EMPTY_BODY = YES;
				CLANG_WARN_ENUM_CONVERSION = YES;
				CLANG_WARN_INFINITE_RECURSION = YES;
				CLANG_WARN_INT_CONVERSION = YES;
				CLANG_WARN_NON_LITERAL_NULL_CONVERSION = YES;
				CLANG_WARN_OBJC_IMPLICIT_RETAIN_SELF = YES;
				CLANG_WARN_OBJC_LITERAL_CONVERSION = YES;
				CLANG_WARN_OBJC_ROOT_CLASS = YES_ERROR;
				CLANG_WARN_QUOTED_INCLUDE_IN_FRAMEWORK_HEADER = YES;
				CLANG_WARN_RANGE_LOOP_ANALYSIS = YES;
				CLANG_WARN_STRICT_PROTOTYPES = YES;
				CLANG_WARN_SUSPICIOUS_MOVE = YES;
				CLANG_WARN_UNGUARDED_AVAILABILITY = YES_AGGRESSIVE;
				CLANG_WARN_UNREACHABLE_CODE = YES;
				CLANG_WARN__DUPLICATE_METHOD_MATCH = YES;
				COPY_PHASE_STRIP = NO;
				DEBUG_INFORMATION_FORMAT = dwarf;
				ENABLE_STRICT_OBJC_MSGSEND = YES;
				ENABLE_TESTABILITY = YES;
				GCC_C_LANGUAGE_STANDARD = gnu11;
				GCC_DYNAMIC_NO_PIC = NO;
				GCC_NO_COMMON_BLOCKS = YES;
				GCC_OPTIMIZATION_LEVEL = 0;
				GCC_PREPROCESSOR_DEFINITIONS = (
					"DEBUG=1",
					"$(inherited)",
				);
				GCC_WARN_64_TO_32_BIT_CONVERSION = YES;
				GCC_WARN_ABOUT_RETURN_TYPE = YES_ERROR;
				GCC_WARN_UNDECLARED_SELECTOR = YES;
				GCC_WARN_UNINITIALIZED_AUTOS = YES_AGGRESSIVE;
				GCC_WARN_UNUSED_FUNCTION = YES;
				GCC_WARN_UNUSED_VARIABLE = YES;
				IPHONEOS_DEPLOYMENT_TARGET = 14.4;
				MTL_ENABLE_DEBUG_INFO = INCLUDE_SOURCE;
				MTL_FAST_MATH = YES;
				ONLY_ACTIVE_ARCH = YES;
				SDKROOT = iphoneos;
				SWIFT_ACTIVE_COMPILATION_CONDITIONS = DEBUG;
				SWIFT_OPTIMIZATION_LEVEL = "-Onone";
			};
			name = Debug;
		};
		7E960A5E274E1EAB007EF276 /* Release */ = {
			isa = XCBuildConfiguration;
			buildSettings = {
				ALWAYS_SEARCH_USER_PATHS = NO;
				CLANG_ANALYZER_NONNULL = YES;
				CLANG_ANALYZER_NUMBER_OBJECT_CONVERSION = YES_AGGRESSIVE;
				CLANG_CXX_LANGUAGE_STANDARD = "gnu++14";
				CLANG_CXX_LIBRARY = "libc++";
				CLANG_ENABLE_MODULES = YES;
				CLANG_ENABLE_OBJC_ARC = YES;
				CLANG_ENABLE_OBJC_WEAK = YES;
				CLANG_WARN_BLOCK_CAPTURE_AUTORELEASING = YES;
				CLANG_WARN_BOOL_CONVERSION = YES;
				CLANG_WARN_COMMA = YES;
				CLANG_WARN_CONSTANT_CONVERSION = YES;
				CLANG_WARN_DEPRECATED_OBJC_IMPLEMENTATIONS = YES;
				CLANG_WARN_DIRECT_OBJC_ISA_USAGE = YES_ERROR;
				CLANG_WARN_DOCUMENTATION_COMMENTS = YES;
				CLANG_WARN_EMPTY_BODY = YES;
				CLANG_WARN_ENUM_CONVERSION = YES;
				CLANG_WARN_INFINITE_RECURSION = YES;
				CLANG_WARN_INT_CONVERSION = YES;
				CLANG_WARN_NON_LITERAL_NULL_CONVERSION = YES;
				CLANG_WARN_OBJC_IMPLICIT_RETAIN_SELF = YES;
				CLANG_WARN_OBJC_LITERAL_CONVERSION = YES;
				CLANG_WARN_OBJC_ROOT_CLASS = YES_ERROR;
				CLANG_WARN_QUOTED_INCLUDE_IN_FRAMEWORK_HEADER = YES;
				CLANG_WARN_RANGE_LOOP_ANALYSIS = YES;
				CLANG_WARN_STRICT_PROTOTYPES = YES;
				CLANG_WARN_SUSPICIOUS_MOVE = YES;
				CLANG_WARN_UNGUARDED_AVAILABILITY = YES_AGGRESSIVE;
				CLANG_WARN_UNREACHABLE_CODE = YES;
				CLANG_WARN__DUPLICATE_METHOD_MATCH = YES;
				COPY_PHASE_STRIP = NO;
				DEBUG_INFORMATION_FORMAT = "dwarf-with-dsym";
				ENABLE_NS_ASSERTIONS = NO;
				ENABLE_STRICT_OBJC_MSGSEND = YES;
				GCC_C_LANGUAGE_STANDARD = gnu11;
				GCC_NO_COMMON_BLOCKS = YES;
				GCC_WARN_64_TO_32_BIT_CONVERSION = YES;
				GCC_WARN_ABOUT_RETURN_TYPE = YES_ERROR;
				GCC_WARN_UNDECLARED_SELECTOR = YES;
				GCC_WARN_UNINITIALIZED_AUTOS = YES_AGGRESSIVE;
				GCC_WARN_UNUSED_FUNCTION = YES;
				GCC_WARN_UNUSED_VARIABLE = YES;
				IPHONEOS_DEPLOYMENT_TARGET = 14.4;
				MTL_ENABLE_DEBUG_INFO = NO;
				MTL_FAST_MATH = YES;
				ONLY_ACTIVE_ARCH = YES;
				SDKROOT = iphoneos;
				SWIFT_COMPILATION_MODE = wholemodule;
				SWIFT_OPTIMIZATION_LEVEL = "-O";
				VALIDATE_PRODUCT = YES;
			};
			name = Release;
		};
		7E960A60274E1EAB007EF276 /* Debug */ = {
			isa = XCBuildConfiguration;
			buildSettings = {
				ASSETCATALOG_COMPILER_APPICON_NAME = "iMessage App Icon";
				CODE_SIGN_STYLE = Automatic;
				DEVELOPMENT_TEAM = K4GAGDGVXR;
				INFOPLIST_FILE = "Reminders MessagesExtension/Info.plist";
				LD_RUNPATH_SEARCH_PATHS = (
					"$(inherited)",
					"@executable_path/Frameworks",
					"@executable_path/../../Frameworks",
				);
				PRODUCT_BUNDLE_IDENTIFIER = autoafterdark.Reminders.MessagesExtension;
				PRODUCT_NAME = "$(TARGET_NAME)";
				SKIP_INSTALL = YES;
				SWIFT_VERSION = 5.0;
				TARGETED_DEVICE_FAMILY = "1,2";
			};
			name = Debug;
		};
		7E960A61274E1EAB007EF276 /* Release */ = {
			isa = XCBuildConfiguration;
			buildSettings = {
				ASSETCATALOG_COMPILER_APPICON_NAME = "iMessage App Icon";
				CODE_SIGN_STYLE = Automatic;
				DEVELOPMENT_TEAM = K4GAGDGVXR;
				INFOPLIST_FILE = "Reminders MessagesExtension/Info.plist";
				LD_RUNPATH_SEARCH_PATHS = (
					"$(inherited)",
					"@executable_path/Frameworks",
					"@executable_path/../../Frameworks",
				);
				PRODUCT_BUNDLE_IDENTIFIER = autoafterdark.Reminders.MessagesExtension;
				PRODUCT_NAME = "$(TARGET_NAME)";
				SKIP_INSTALL = YES;
				SWIFT_VERSION = 5.0;
				TARGETED_DEVICE_FAMILY = "1,2";
			};
			name = Release;
		};
		7E960A64274E1EAB007EF276 /* Debug */ = {
			isa = XCBuildConfiguration;
			buildSettings = {
				ALWAYS_EMBED_SWIFT_STANDARD_LIBRARIES = YES;
				ASSETCATALOG_COMPILER_APPICON_NAME = AppIcon;
				CODE_SIGN_STYLE = Automatic;
				DEVELOPMENT_TEAM = K4GAGDGVXR;
				INFOPLIST_FILE = Reminders/Info.plist;
				PRODUCT_BUNDLE_IDENTIFIER = autoafterdark.Reminders;
				PRODUCT_NAME = "$(TARGET_NAME)";
				SWIFT_VERSION = 5.0;
				TARGETED_DEVICE_FAMILY = "1,2";
			};
			name = Debug;
		};
		7E960A65274E1EAB007EF276 /* Release */ = {
			isa = XCBuildConfiguration;
			buildSettings = {
				ALWAYS_EMBED_SWIFT_STANDARD_LIBRARIES = YES;
				ASSETCATALOG_COMPILER_APPICON_NAME = AppIcon;
				CODE_SIGN_STYLE = Automatic;
				DEVELOPMENT_TEAM = K4GAGDGVXR;
				INFOPLIST_FILE = Reminders/Info.plist;
				PRODUCT_BUNDLE_IDENTIFIER = autoafterdark.Reminders;
				PRODUCT_NAME = "$(TARGET_NAME)";
				SWIFT_VERSION = 5.0;
				TARGETED_DEVICE_FAMILY = "1,2";
			};
			name = Release;
		};
/* End XCBuildConfiguration section */

/* Begin XCConfigurationList section */
		7E960A40274E1E81007EF276 /* Build configuration list for PBXProject "Reminders" */ = {
			isa = XCConfigurationList;
			buildConfigurations = (
				7E960A5D274E1EAB007EF276 /* Debug */,
				7E960A5E274E1EAB007EF276 /* Release */,
			);
			defaultConfigurationIsVisible = 0;
			defaultConfigurationName = Release;
		};
		7E960A5F274E1EAB007EF276 /* Build configuration list for PBXNativeTarget "Reminders MessagesExtension" */ = {
			isa = XCConfigurationList;
			buildConfigurations = (
				7E960A60274E1EAB007EF276 /* Debug */,
				7E960A61274E1EAB007EF276 /* Release */,
			);
			defaultConfigurationIsVisible = 0;
			defaultConfigurationName = Release;
		};
		7E960A63274E1EAB007EF276 /* Build configuration list for PBXNativeTarget "Reminders" */ = {
			isa = XCConfigurationList;
			buildConfigurations = (
				7E960A64274E1EAB007EF276 /* Debug */,
				7E960A65274E1EAB007EF276 /* Release */,
			);
			defaultConfigurationIsVisible = 0;
			defaultConfigurationName = Release;
		};
/* End XCConfigurationList section */
	};
	rootObject = 7E960A3D274E1E81007EF276 /* Project object */;
}
